
Microsoft Visual Studio Solution File, Format Version 12.00
# Visual Studio Version 17
VisualStudioVersion = 17.14.36623.8 d17.14
MinimumVisualStudioVersion = 10.0.40219.1
Project("{D2ABAB84-BF74-430A-B69E-9DC6D40DDA17}") = "TutorialAnalysisServices", "TutorialAnalysisServices.dwproj", "{608299F8-7C4C-D948-29BA-A5629AA5420B}"
EndProject
Global
	GlobalSection(SolutionConfigurationPlatforms) = preSolution
		Development|Default = Development|Default
	EndGlobalSection
	GlobalSection(ProjectConfigurationPlatforms) = postSolution
		{608299F8-7C4C-D948-29BA-A5629AA5420B}.Development|Default.ActiveCfg = Development
		{608299F8-7C4C-D948-29BA-A5629AA5420B}.Development|Default.Build.0 = Development
		{608299F8-7C4C-D948-29BA-A5629AA5420B}.Development|Default.Deploy.0 = Development
	EndGlobalSection
	GlobalSection(SolutionProperties) = preSolution
		HideSolutionNode = FALSE
	EndGlobalSection
	GlobalSection(ExtensibilityGlobals) = postSolution
		SolutionGuid = {552C67F8-85E1-42E8-9501-4ECA6721FA7F}
	EndGlobalSection
EndGlobal
